
Microsoft Visual Studio Solution File, Format Version 12.00
# Visual Studio Version 17
VisualStudioVersion = 17.4.33110.190
MinimumVisualStudioVersion = 10.0.40219.1
Project("{9A19103F-16F7-4668-BE54-9A1E7A4F7556}") = "PPM.Main", "..\PPM.Main\PPM.Main.csproj", "{EDA7EEAA-8F77-4B38-AB5F-C9671CBFFFB0}"
EndProject
Global
	GlobalSection(SolutionConfigurationPlatforms) = preSolution
		Debug|Any CPU = Debug|Any CPU
		Release|Any CPU = Release|Any CPU
	EndGlobalSection
	GlobalSection(ProjectConfigurationPlatforms) = postSolution
		{EDA7EEAA-8F77-4B38-AB5F-C9671CBFFFB0}.Debug|Any CPU.ActiveCfg = Debug|Any CPU
		{EDA7EEAA-8F77-4B38-AB5F-C9671CBFFFB0}.Debug|Any CPU.Build.0 = Debug|Any CPU
		{EDA7EEAA-8F77-4B38-AB5F-C9671CBFFFB0}.Release|Any CPU.ActiveCfg = Release|Any CPU
		{EDA7EEAA-8F77-4B38-AB5F-C9671CBFFFB0}.Release|Any CPU.Build.0 = Release|Any CPU
	EndGlobalSection
	GlobalSection(SolutionProperties) = preSolution
		HideSolutionNode = FALSE
	EndGlobalSection
	GlobalSection(ExtensibilityGlobals) = postSolution
		SolutionGuid = {87CF562F-3F53-4FB3-AE6C-8018FE2A4A01}
	EndGlobalSection
EndGlobal
